// !$*UTF8*$!
{
	archiveVersion = 1;
	classes = {
	};
	objectVersion = 56;
	objects = {

/* Begin PBXBuildFile section */
		6878E00F2C5B53220046362F /* AppDelegate.swift in Sources */ = {isa = PBXBuildFile; fileRef = 6878E00E2C5B53220046362F /* AppDelegate.swift */; };
		6878E0112C5B53220046362F /* SceneDelegate.swift in Sources */ = {isa = PBXBuildFile; fileRef = 6878E0102C5B53220046362F /* SceneDelegate.swift */; };
		6878E0132C5B53220046362F /* ViewController.swift in Sources */ = {isa = PBXBuildFile; fileRef = 6878E0122C5B53220046362F /* ViewController.swift */; };
		6878E0162C5B53220046362F /* Base in Resources */ = {isa = PBXBuildFile; fileRef = 6878E0152C5B53220046362F /* Base */; };
		6878E0182C5B53240046362F /* Assets.xcassets in Resources */ = {isa = PBXBuildFile; fileRef = 6878E0172C5B53240046362F /* Assets.xcassets */; };
		6878E01B2C5B53240046362F /* Base in Resources */ = {isa = PBXBuildFile; fileRef = 6878E01A2C5B53240046362F /* Base */; };
		68D475962C5B62ED0061C776 /* Photo.swift in Sources */ = {isa = PBXBuildFile; fileRef = 68D475952C5B62ED0061C776 /* Photo.swift */; };
		68D475982C5B66C10061C776 /* Constants.swift in Sources */ = {isa = PBXBuildFile; fileRef = 68D475972C5B66C10061C776 /* Constants.swift */; };
		F70A029B7BB6B59A048A48CA /* Pods_19_06_24_WebServicesDemoVersion2.framework in Frameworks */ = {isa = PBXBuildFile; fileRef = E4608E78E8E4500B86C76083 /* Pods_19_06_24_WebServicesDemoVersion2.framework */; };
/* End PBXBuildFile section */

/* Begin PBXFileReference section */
		150E93AD7010E33993774591 /* Pods-19_06_24_WebServicesDemoVersion2.debug.xcconfig */ = {isa = PBXFileReference; includeInIndex = 1; lastKnownFileType = text.xcconfig; name = "Pods-19_06_24_WebServicesDemoVersion2.debug.xcconfig"; path = "Target Support Files/Pods-19_06_24_WebServicesDemoVersion2/Pods-19_06_24_WebServicesDemoVersion2.debug.xcconfig"; sourceTree = "<group>"; };
		6878E00B2C5B53220046362F /* 19_06_24_WebServicesDemoVersion2.app */ = {isa = PBXFileReference; explicitFileType = wrapper.application; includeInIndex = 0; path = 19_06_24_WebServicesDemoVersion2.app; sourceTree = BUILT_PRODUCTS_DIR; };
		6878E00E2C5B53220046362F /* AppDelegate.swift */ = {isa = PBXFileReference; lastKnownFileType = sourcecode.swift; path = AppDelegate.swift; sourceTree = "<group>"; };
		6878E0102C5B53220046362F /* SceneDelegate.swift */ = {isa = PBXFileReference; lastKnownFileType = sourcecode.swift; path = SceneDelegate.swift; sourceTree = "<group>"; };
		6878E0122C5B53220046362F /* ViewController.swift */ = {isa = PBXFileReference; lastKnownFileType = sourcecode.swift; path = ViewController.swift; sourceTree = "<group>"; };
		6878E0152C5B53220046362F /* Base */ = {isa = PBXFileReference; lastKnownFileType = file.storyboard; name = Base; path = Base.lproj/Main.storyboard; sourceTree = "<group>"; };
		6878E0172C5B53240046362F /* Assets.xcassets */ = {isa = PBXFileReference; lastKnownFileType = folder.assetcatalog; path = Assets.xcassets; sourceTree = "<group>"; };
		6878E01A2C5B53240046362F /* Base */ = {isa = PBXFileReference; lastKnownFileType = file.storyboard; name = Base; path = Base.lproj/LaunchScreen.storyboard; sourceTree = "<group>"; };
		6878E01C2C5B53240046362F /* Info.plist */ = {isa = PBXFileReference; lastKnownFileType = text.plist.xml; path = Info.plist; sourceTree = "<group>"; };
		68D475952C5B62ED0061C776 /* Photo.swift */ = {isa = PBXFileReference; lastKnownFileType = sourcecode.swift; path = Photo.swift; sourceTree = "<group>"; };
		68D475972C5B66C10061C776 /* Constants.swift */ = {isa = PBXFileReference; lastKnownFileType = sourcecode.swift; path = Constants.swift; sourceTree = "<group>"; };
		828DFB888CC4CA86957B9B64 /* Pods-19_06_24_WebServicesDemoVersion2.release.xcconfig */ = {isa = PBXFileReference; includeInIndex = 1; lastKnownFileType = text.xcconfig; name = "Pods-19_06_24_WebServicesDemoVersion2.release.xcconfig"; path = "Target Support Files/Pods-19_06_24_WebServicesDemoVersion2/Pods-19_06_24_WebServicesDemoVersion2.release.xcconfig"; sourceTree = "<group>"; };
		E4608E78E8E4500B86C76083 /* Pods_19_06_24_WebServicesDemoVersion2.framework */ = {isa = PBXFileReference; explicitFileType = wrapper.framework; includeInIndex = 0; path = Pods_19_06_24_WebServicesDemoVersion2.framework; sourceTree = BUILT_PRODUCTS_DIR; };
/* End PBXFileReference section */

/* Begin PBXFrameworksBuildPhase section */
		6878E0082C5B53220046362F /* Frameworks */ = {
			isa = PBXFrameworksBuildPhase;
			buildActionMask = 2147483647;
			files = (
				F70A029B7BB6B59A048A48CA /* Pods_19_06_24_WebServicesDemoVersion2.framework in Frameworks */,
			);
			runOnlyForDeploymentPostprocessing = 0;
		};
/* End PBXFrameworksBuildPhase section */

/* Begin PBXGroup section */
		1F6B1B87C386403B0963936F /* Frameworks */ = {
			isa = PBXGroup;
			children = (
				E4608E78E8E4500B86C76083 /* Pods_19_06_24_WebServicesDemoVersion2.framework */,
			);
			name = Frameworks;
			sourceTree = "<group>";
		};
		6878E0022C5B53220046362F = {
			isa = PBXGroup;
			children = (
				6878E00D2C5B53220046362F /* 19_06_24_WebServicesDemoVersion2 */,
				6878E00C2C5B53220046362F /* Products */,
				7C87F58DFECECECE9A8C139C /* Pods */,
				1F6B1B87C386403B0963936F /* Frameworks */,
			);
			sourceTree = "<group>";
		};
		6878E00C2C5B53220046362F /* Products */ = {
			isa = PBXGroup;
			children = (
				6878E00B2C5B53220046362F /* 19_06_24_WebServicesDemoVersion2.app */,
			);
			name = Products;
			sourceTree = "<group>";
		};
		6878E00D2C5B53220046362F /* 19_06_24_WebServicesDemoVersion2 */ = {
			isa = PBXGroup;
			children = (
				6878E00E2C5B53220046362F /* AppDelegate.swift */,
				6878E0102C5B53220046362F /* SceneDelegate.swift */,
				6878E0122C5B53220046362F /* ViewController.swift */,
				6878E0142C5B53220046362F /* Main.storyboard */,
				6878E0172C5B53240046362F /* Assets.xcassets */,
				6878E0192C5B53240046362F /* LaunchScreen.storyboard */,
				6878E01C2C5B53240046362F /* Info.plist */,
				68D475952C5B62ED0061C776 /* Photo.swift */,
				68D475972C5B66C10061C776 /* Constants.swift */,
			);
			path = 19_06_24_WebServicesDemoVersion2;
			sourceTree = "<group>";
		};
		7C87F58DFECECECE9A8C139C /* Pods */ = {
			isa = PBXGroup;
			children = (
				150E93AD7010E33993774591 /* Pods-19_06_24_WebServicesDemoVersion2.debug.xcconfig */,
				828DFB888CC4CA86957B9B64 /* Pods-19_06_24_WebServicesDemoVersion2.release.xcconfig */,
			);
			path = Pods;
			sourceTree = "<group>";
		};
/* End PBXGroup section */

/* Begin PBXNativeTarget section */
		6878E00A2C5B53220046362F /* 19_06_24_WebServicesDemoVersion2 */ = {
			isa = PBXNativeTarget;
			buildConfigurationList = 6878E01F2C5B53240046362F /* Build configuration list for PBXNativeTarget "19_06_24_WebServicesDemoVersion2" */;
			buildPhases = (
				877728188C516B3707156E36 /* [CP] Check Pods Manifest.lock */,
				6878E0072C5B53220046362F /* Sources */,
				6878E0082C5B53220046362F /* Frameworks */,
				6878E0092C5B53220046362F /* Resources */,
				D3DC2159C07C426A9F491CF2 /* [CP] Embed Pods Frameworks */,
			);
			buildRules = (
			);
			dependencies = (
			);
			name = 19_06_24_WebServicesDemoVersion2;
			productName = 19_06_24_WebServicesDemoVersion2;
			productReference = 6878E00B2C5B53220046362F /* 19_06_24_WebServicesDemoVersion2.app */;
			productType = "com.apple.product-type.application";
		};
/* End PBXNativeTarget section */

/* Begin PBXProject section */
		6878E0032C5B53220046362F /* Project object */ = {
			isa = PBXProject;
			attributes = {
				BuildIndependentTargetsInParallel = 1;
				LastSwiftUpdateCheck = 1540;
				LastUpgradeCheck = 1540;
				TargetAttributes = {
					6878E00A2C5B53220046362F = {
						CreatedOnToolsVersion = 15.4;
					};
				};
			};
			buildConfigurationList = 6878E0062C5B53220046362F /* Build configuration list for PBXProject "19_06_24_WebServicesDemoVersion2" */;
			compatibilityVersion = "Xcode 14.0";
			developmentRegion = en;
			hasScannedForEncodings = 0;
			knownRegions = (
				en,
				Base,
			);
			mainGroup = 6878E0022C5B53220046362F;
			productRefGroup = 6878E00C2C5B53220046362F /* Products */;
			projectDirPath = "";
			projectRoot = "";
			targets = (
				6878E00A2C5B53220046362F /* 19_06_24_WebServicesDemoVersion2 */,
			);
		};
/* End PBXProject section */

/* Begin PBXResourcesBuildPhase section */
		6878E0092C5B53220046362F /* Resources */ = {
			isa = PBXResourcesBuildPhase;
			buildActionMask = 2147483647;
			files = (
				6878E0182C5B53240046362F /* Assets.xcassets in Resources */,
				6878E01B2C5B53240046362F /* Base in Resources */,
				6878E0162C5B53220046362F /* Base in Resources */,
			);
			runOnlyForDeploymentPostprocessing = 0;
		};
/* End PBXResourcesBuildPhase section */

/* Begin PBXShellScriptBuildPhase section */
		877728188C516B3707156E36 /* [CP] Check Pods Manifest.lock */ = {
			isa = PBXShellScriptBuildPhase;
			buildActionMask = 2147483647;
			files = (
			);
			inputFileListPaths = (
			);
			inputPaths = (
				"${PODS_PODFILE_DIR_PATH}/Podfile.lock",
				"${PODS_ROOT}/Manifest.lock",
			);
			name = "[CP] Check Pods Manifest.lock";
			outputFileListPaths = (
			);
			outputPaths = (
				"$(DERIVED_FILE_DIR)/Pods-19_06_24_WebServicesDemoVersion2-checkManifestLockResult.txt",
			);
			runOnlyForDeploymentPostprocessing = 0;
			shellPath = /bin/sh;
			shellScript = "diff \"${PODS_PODFILE_DIR_PATH}/Podfile.lock\" \"${PODS_ROOT}/Manifest.lock\" > /dev/null\nif [ $? != 0 ] ; then\n    # print error to STDERR\n    echo \"error: The sandbox is not in sync with the Podfile.lock. Run 'pod install' or update your CocoaPods installation.\" >&2\n    exit 1\nfi\n# This output is used by Xcode 'outputs' to avoid re-running this script phase.\necho \"SUCCESS\" > \"${SCRIPT_OUTPUT_FILE_0}\"\n";
			showEnvVarsInLog = 0;
		};
		D3DC2159C07C426A9F491CF2 /* [CP] Embed Pods Frameworks */ = {
			isa = PBXShellScriptBuildPhase;
			buildActionMask = 2147483647;
			files = (
			);
			inputFileListPaths = (
				"${PODS_ROOT}/Target Support Files/Pods-19_06_24_WebServicesDemoVersion2/Pods-19_06_24_WebServicesDemoVersion2-frameworks-${CONFIGURATION}-input-files.xcfilelist",
			);
			name = "[CP] Embed Pods Frameworks";
			outputFileListPaths = (
				"${PODS_ROOT}/Target Support Files/Pods-19_06_24_WebServicesDemoVersion2/Pods-19_06_24_WebServicesDemoVersion2-frameworks-${CONFIGURATION}-output-files.xcfilelist",
			);
			runOnlyForDeploymentPostprocessing = 0;
			shellPath = /bin/sh;
			shellScript = "\"${PODS_ROOT}/Target Support Files/Pods-19_06_24_WebServicesDemoVersion2/Pods-19_06_24_WebServicesDemoVersion2-frameworks.sh\"\n";
			showEnvVarsInLog = 0;
		};
/* End PBXShellScriptBuildPhase section */

/* Begin PBXSourcesBuildPhase section */
		6878E0072C5B53220046362F /* Sources */ = {
			isa = PBXSourcesBuildPhase;
			buildActionMask = 2147483647;
			files = (
				68D475982C5B66C10061C776 /* Constants.swift in Sources */,
				68D475962C5B62ED0061C776 /* Photo.swift in Sources */,
				6878E0132C5B53220046362F /* ViewController.swift in Sources */,
				6878E00F2C5B53220046362F /* AppDelegate.swift in Sources */,
				6878E0112C5B53220046362F /* SceneDelegate.swift in Sources */,
			);
			runOnlyForDeploymentPostprocessing = 0;
		};
/* End PBXSourcesBuildPhase section */

/* Begin PBXVariantGroup section */
		6878E0142C5B53220046362F /* Main.storyboard */ = {
			isa = PBXVariantGroup;
			children = (
				6878E0152C5B53220046362F /* Base */,
			);
			name = Main.storyboard;
			sourceTree = "<group>";
		};
		6878E0192C5B53240046362F /* LaunchScreen.storyboard */ = {
			isa = PBXVariantGroup;
			children = (
				6878E01A2C5B53240046362F /* Base */,
			);
			name = LaunchScreen.storyboard;
			sourceTree = "<group>";
		};
/* End PBXVariantGroup section */

/* Begin XCBuildConfiguration section */
		6878E01D2C5B53240046362F /* Debug */ = {
			isa = XCBuildConfiguration;
			buildSettings = {
				ALWAYS_SEARCH_USER_PATHS = NO;
				ASSETCATALOG_COMPILER_GENERATE_SWIFT_ASSET_SYMBOL_EXTENSIONS = YES;
				CLANG_ANALYZER_NONNULL = YES;
				CLANG_ANALYZER_NUMBER_OBJECT_CONVERSION = YES_AGGRESSIVE;
				CLANG_CXX_LANGUAGE_STANDARD = "gnu++20";
				CLANG_ENABLE_MODULES = YES;
				CLANG_ENABLE_OBJC_ARC = YES;
				CLANG_ENABLE_OBJC_WEAK = YES;
				CLANG_WARN_BLOCK_CAPTURE_AUTORELEASING = YES;
				CLANG_WARN_BOOL_CONVERSION = YES;
				CLANG_WARN_COMMA = YES;
				CLANG_WARN_CONSTANT_CONVERSION = YES;
				CLANG_WARN_DEPRECATED_OBJC_IMPLEMENTATIONS = YES;
				CLANG_WARN_DIRECT_OBJC_ISA_USAGE = YES_ERROR;
				CLANG_WARN_DOCUMENTATION_COMMENTS = YES;
				CLANG_WARN_EMPTY_BODY = YES;
				CLANG_WARN_ENUM_CONVERSION = YES;
				CLANG_WARN_INFINITE_RECURSION = YES;
				CLANG_WARN_INT_CONVERSION = YES;
				CLANG_WARN_NON_LITERAL_NULL_CONVERSION = YES;
				CLANG_WARN_OBJC_IMPLICIT_RETAIN_SELF = YES;
				CLANG_WARN_OBJC_LITERAL_CONVERSION = YES;
				CLANG_WARN_OBJC_ROOT_CLASS = YES_ERROR;
				CLANG_WARN_QUOTED_INCLUDE_IN_FRAMEWORK_HEADER = YES;
				CLANG_WARN_RANGE_LOOP_ANALYSIS = YES;
				CLANG_WARN_STRICT_PROTOTYPES = YES;
				CLANG_WARN_SUSPICIOUS_MOVE = YES;
				CLANG_WARN_UNGUARDED_AVAILABILITY = YES_AGGRESSIVE;
				CLANG_WARN_UNREACHABLE_CODE = YES;
				CLANG_WARN__DUPLICATE_METHOD_MATCH = YES;
				COPY_PHASE_STRIP = NO;
				DEBUG_INFORMATION_FORMAT = dwarf;
				ENABLE_STRICT_OBJC_MSGSEND = YES;
				ENABLE_TESTABILITY = YES;
				ENABLE_USER_SCRIPT_SANDBOXING = NO;
				GCC_C_LANGUAGE_STANDARD = gnu17;
				GCC_DYNAMIC_NO_PIC = NO;
				GCC_NO_COMMON_BLOCKS = YES;
				GCC_OPTIMIZATION_LEVEL = 0;
				GCC_PREPROCESSOR_DEFINITIONS = (
					"DEBUG=1",
					"$(inherited)",
				);
				GCC_WARN_64_TO_32_BIT_CONVERSION = YES;
				GCC_WARN_ABOUT_RETURN_TYPE = YES_ERROR;
				GCC_WARN_UNDECLARED_SELECTOR = YES;
				GCC_WARN_UNINITIALIZED_AUTOS = YES_AGGRESSIVE;
				GCC_WARN_UNUSED_FUNCTION = YES;
				GCC_WARN_UNUSED_VARIABLE = YES;
				IPHONEOS_DEPLOYMENT_TARGET = 17.5;
				LOCALIZATION_PREFERS_STRING_CATALOGS = YES;
				MTL_ENABLE_DEBUG_INFO = INCLUDE_SOURCE;
				MTL_FAST_MATH = YES;
				ONLY_ACTIVE_ARCH = YES;
				SDKROOT = iphoneos;
				SWIFT_ACTIVE_COMPILATION_CONDITIONS = "DEBUG $(inherited)";
				SWIFT_OPTIMIZATION_LEVEL = "-Onone";
			};
			name = Debug;
		};
		6878E01E2C5B53240046362F /* Release */ = {
			isa = XCBuildConfiguration;
			buildSettings = {
				ALWAYS_SEARCH_USER_PATHS = NO;
				ASSETCATALOG_COMPILER_GENERATE_SWIFT_ASSET_SYMBOL_EXTENSIONS = YES;
				CLANG_ANALYZER_NONNULL = YES;
				CLANG_ANALYZER_NUMBER_OBJECT_CONVERSION = YES_AGGRESSIVE;
				CLANG_CXX_LANGUAGE_STANDARD = "gnu++20";
				CLANG_ENABLE_MODULES = YES;
				CLANG_ENABLE_OBJC_ARC = YES;
				CLANG_ENABLE_OBJC_WEAK = YES;
				CLANG_WARN_BLOCK_CAPTURE_AUTORELEASING = YES;
				CLANG_WARN_BOOL_CONVERSION = YES;
				CLANG_WARN_COMMA = YES;
				CLANG_WARN_CONSTANT_CONVERSION = YES;
				CLANG_WARN_DEPRECATED_OBJC_IMPLEMENTATIONS = YES;
				CLANG_WARN_DIRECT_OBJC_ISA_USAGE = YES_ERROR;
				CLANG_WARN_DOCUMENTATION_COMMENTS = YES;
				CLANG_WARN_EMPTY_BODY = YES;
				CLANG_WARN_ENUM_CONVERSION = YES;
				CLANG_WARN_INFINITE_RECURSION = YES;
				CLANG_WARN_INT_CONVERSION = YES;
				CLANG_WARN_NON_LITERAL_NULL_CONVERSION = YES;
				CLANG_WARN_OBJC_IMPLICIT_RETAIN_SELF = YES;
				CLANG_WARN_OBJC_LITERAL_CONVERSION = YES;
				CLANG_WARN_OBJC_ROOT_CLASS = YES_ERROR;
				CLANG_WARN_QUOTED_INCLUDE_IN_FRAMEWORK_HEADER = YES;
				CLANG_WARN_RANGE_LOOP_ANALYSIS = YES;
				CLANG_WARN_STRICT_PROTOTYPES = YES;
				CLANG_WARN_SUSPICIOUS_MOVE = YES;
				CLANG_WARN_UNGUARDED_AVAILABILITY = YES_AGGRESSIVE;
				CLANG_WARN_UNREACHABLE_CODE = YES;
				CLANG_WARN__DUPLICATE_METHOD_MATCH = YES;
				COPY_PHASE_STRIP = NO;
				DEBUG_INFORMATION_FORMAT = "dwarf-with-dsym";
				ENABLE_NS_ASSERTIONS = NO;
				ENABLE_STRICT_OBJC_MSGSEND = YES;
				ENABLE_USER_SCRIPT_SANDBOXING = NO;
				GCC_C_LANGUAGE_STANDARD = gnu17;
				GCC_NO_COMMON_BLOCKS = YES;
				GCC_WARN_64_TO_32_BIT_CONVERSION = YES;
				GCC_WARN_ABOUT_RETURN_TYPE = YES_ERROR;
				GCC_WARN_UNDECLARED_SELECTOR = YES;
				GCC_WARN_UNINITIALIZED_AUTOS = YES_AGGRESSIVE;
				GCC_WARN_UNUSED_FUNCTION = YES;
				GCC_WARN_UNUSED_VARIABLE = YES;
				IPHONEOS_DEPLOYMENT_TARGET = 17.5;
				LOCALIZATION_PREFERS_STRING_CATALOGS = YES;
				MTL_ENABLE_DEBUG_INFO = NO;
				MTL_FAST_MATH = YES;
				SDKROOT = iphoneos;
				SWIFT_COMPILATION_MODE = wholemodule;
				VALIDATE_PRODUCT = YES;
			};
			name = Release;
		};
		6878E0202C5B53240046362F /* Debug */ = {
			isa = XCBuildConfiguration;
			baseConfigurationReference = 150E93AD7010E33993774591 /* Pods-19_06_24_WebServicesDemoVersion2.debug.xcconfig */;
			buildSettings = {
				ASSETCATALOG_COMPILER_APPICON_NAME = AppIcon;
				ASSETCATALOG_COMPILER_GLOBAL_ACCENT_COLOR_NAME = AccentColor;
				CODE_SIGN_STYLE = Automatic;
				CURRENT_PROJECT_VERSION = 1;
				DEVELOPMENT_TEAM = W669X37752;
				GENERATE_INFOPLIST_FILE = YES;
				INFOPLIST_FILE = 19_06_24_WebServicesDemoVersion2/Info.plist;
				INFOPLIST_KEY_UIApplicationSupportsIndirectInputEvents = YES;
				INFOPLIST_KEY_UILaunchStoryboardName = LaunchScreen;
				INFOPLIST_KEY_UIMainStoryboardFile = Main;
				INFOPLIST_KEY_UISupportedInterfaceOrientations_iPad = "UIInterfaceOrientationPortrait UIInterfaceOrientationPortraitUpsideDown UIInterfaceOrientationLandscapeLeft UIInterfaceOrientationLandscapeRight";
				INFOPLIST_KEY_UISupportedInterfaceOrientations_iPhone = "UIInterfaceOrientationPortrait UIInterfaceOrientationLandscapeLeft UIInterfaceOrientationLandscapeRight";
				LD_RUNPATH_SEARCH_PATHS = (
					"$(inherited)",
					"@executable_path/Frameworks",
				);
				MARKETING_VERSION = 1.0;
				PRODUCT_BUNDLE_IDENTIFIER = "in.bitcode.-9-06-24-WebServicesDemoVersion2";
				PRODUCT_NAME = "$(TARGET_NAME)";
				SWIFT_EMIT_LOC_STRINGS = YES;
				SWIFT_VERSION = 5.0;
				TARGETED_DEVICE_FAMILY = "1,2";
			};
			name = Debug;
		};
		6878E0212C5B53240046362F /* Release */ = {
			isa = XCBuildConfiguration;
			baseConfigurationReference = 828DFB888CC4CA86957B9B64 /* Pods-19_06_24_WebServicesDemoVersion2.release.xcconfig */;
			buildSettings = {
				ASSETCATALOG_COMPILER_APPICON_NAME = AppIcon;
				ASSETCATALOG_COMPILER_GLOBAL_ACCENT_COLOR_NAME = AccentColor;
				CODE_SIGN_STYLE = Automatic;
				CURRENT_PROJECT_VERSION = 1;
				DEVELOPMENT_TEAM = W669X37752;
				GENERATE_INFOPLIST_FILE = YES;
				INFOPLIST_FILE = 19_06_24_WebServicesDemoVersion2/Info.plist;
				INFOPLIST_KEY_UIApplicationSupportsIndirectInputEvents = YES;
				INFOPLIST_KEY_UILaunchStoryboardName = LaunchScreen;
				INFOPLIST_KEY_UIMainStoryboardFile = Main;
				INFOPLIST_KEY_UISupportedInterfaceOrientations_iPad = "UIInterfaceOrientationPortrait UIInterfaceOrientationPortraitUpsideDown UIInterfaceOrientationLandscapeLeft UIInterfaceOrientationLandscapeRight";
				INFOPLIST_KEY_UISupportedInterfaceOrientations_iPhone = "UIInterfaceOrientationPortrait UIInterfaceOrientationLandscapeLeft UIInterfaceOrientationLandscapeRight";
				LD_RUNPATH_SEARCH_PATHS = (
					"$(inherited)",
					"@executable_path/Frameworks",
				);
				MARKETING_VERSION = 1.0;
				PRODUCT_BUNDLE_IDENTIFIER = "in.bitcode.-9-06-24-WebServicesDemoVersion2";
				PRODUCT_NAME = "$(TARGET_NAME)";
				SWIFT_EMIT_LOC_STRINGS = YES;
				SWIFT_VERSION = 5.0;
				TARGETED_DEVICE_FAMILY = "1,2";
			};
			name = Release;
		};
/* End XCBuildConfiguration section */

/* Begin XCConfigurationList section */
		6878E0062C5B53220046362F /* Build configuration list for PBXProject "19_06_24_WebServicesDemoVersion2" */ = {
			isa = XCConfigurationList;
			buildConfigurations = (
				6878E01D2C5B53240046362F /* Debug */,
				6878E01E2C5B53240046362F /* Release */,
			);
			defaultConfigurationIsVisible = 0;
			defaultConfigurationName = Release;
		};
		6878E01F2C5B53240046362F /* Build configuration list for PBXNativeTarget "19_06_24_WebServicesDemoVersion2" */ = {
			isa = XCConfigurationList;
			buildConfigurations = (
				6878E0202C5B53240046362F /* Debug */,
				6878E0212C5B53240046362F /* Release */,
			);
			defaultConfigurationIsVisible = 0;
			defaultConfigurationName = Release;
		};
/* End XCConfigurationList section */
	};
	rootObject = 6878E0032C5B53220046362F /* Project object */;
}
